
Microsoft Visual Studio Solution File, Format Version 12.00
# Visual Studio Version 17
VisualStudioVersion = 17.5.002.0
MinimumVisualStudioVersion = 10.0.40219.1
Project("{9A19103F-16F7-4668-BE54-9A1E7A4F7556}") = "Domain", "Domain\Domain.csproj", "{BFAFA24A-2D70-4DFF-BFF2-BAE7238E9ACE}"
EndProject
Project("{9A19103F-16F7-4668-BE54-9A1E7A4F7556}") = "Infrastructure", "Infrastructure\Infrastructure.csproj", "{125B124B-121F-4E09-8412-31545D59A93C}"
EndProject
Project("{9A19103F-16F7-4668-BE54-9A1E7A4F7556}") = "MainApp", "MainApp\MainApp.csproj", "{9A5519CE-2251-48CE-B584-303A06A69887}"
EndProject
Project("{9A19103F-16F7-4668-BE54-9A1E7A4F7556}") = "WebApi", "WebApi\WebApi.csproj", "{F3C26997-0CD4-455F-963F-99BF2DADAE8E}"
EndProject
Global
	GlobalSection(SolutionConfigurationPlatforms) = preSolution
		Debug|Any CPU = Debug|Any CPU
		Release|Any CPU = Release|Any CPU
	EndGlobalSection
	GlobalSection(ProjectConfigurationPlatforms) = postSolution
		{BFAFA24A-2D70-4DFF-BFF2-BAE7238E9ACE}.Debug|Any CPU.ActiveCfg = Debug|Any CPU
		{BFAFA24A-2D70-4DFF-BFF2-BAE7238E9ACE}.Debug|Any CPU.Build.0 = Debug|Any CPU
		{BFAFA24A-2D70-4DFF-BFF2-BAE7238E9ACE}.Release|Any CPU.ActiveCfg = Release|Any CPU
		{BFAFA24A-2D70-4DFF-BFF2-BAE7238E9ACE}.Release|Any CPU.Build.0 = Release|Any CPU
		{125B124B-121F-4E09-8412-31545D59A93C}.Debug|Any CPU.ActiveCfg = Debug|Any CPU
		{125B124B-121F-4E09-8412-31545D59A93C}.Debug|Any CPU.Build.0 = Debug|Any CPU
		{125B124B-121F-4E09-8412-31545D59A93C}.Release|Any CPU.ActiveCfg = Release|Any CPU
		{125B124B-121F-4E09-8412-31545D59A93C}.Release|Any CPU.Build.0 = Release|Any CPU
		{9A5519CE-2251-48CE-B584-303A06A69887}.Debug|Any CPU.ActiveCfg = Debug|Any CPU
		{9A5519CE-2251-48CE-B584-303A06A69887}.Debug|Any CPU.Build.0 = Debug|Any CPU
		{9A5519CE-2251-48CE-B584-303A06A69887}.Release|Any CPU.ActiveCfg = Release|Any CPU
		{9A5519CE-2251-48CE-B584-303A06A69887}.Release|Any CPU.Build.0 = Release|Any CPU
		{F3C26997-0CD4-455F-963F-99BF2DADAE8E}.Debug|Any CPU.ActiveCfg = Debug|Any CPU
		{F3C26997-0CD4-455F-963F-99BF2DADAE8E}.Debug|Any CPU.Build.0 = Debug|Any CPU
		{F3C26997-0CD4-455F-963F-99BF2DADAE8E}.Release|Any CPU.ActiveCfg = Release|Any CPU
		{F3C26997-0CD4-455F-963F-99BF2DADAE8E}.Release|Any CPU.Build.0 = Release|Any CPU
	EndGlobalSection
	GlobalSection(SolutionProperties) = preSolution
		HideSolutionNode = FALSE
	EndGlobalSection
	GlobalSection(ExtensibilityGlobals) = postSolution
		SolutionGuid = {13276E11-D2AB-4CA0-A60B-9A293013FEA7}
	EndGlobalSection
EndGlobal
